
Microsoft Visual Studio Solution File, Format Version 12.00
# Visual Studio Version 17
VisualStudioVersion = 17.8.34330.188
MinimumVisualStudioVersion = 10.0.40219.1
Project("{9A19103F-16F7-4668-BE54-9A1E7A4F7556}") = "QuizAppAPI", "QuizAppAPI\QuizAppAPI.csproj", "{7BB3BA70-83DA-4A65-A314-1053454965DE}"
EndProject
Project("{9A19103F-16F7-4668-BE54-9A1E7A4F7556}") = "QuizApp.Models", "Models\QuizApp.Models.csproj", "{8BBA40AF-D337-4FA7-B51D-D20C7299DDF5}"
EndProject
Global
	GlobalSection(SolutionConfigurationPlatforms) = preSolution
		Debug|Any CPU = Debug|Any CPU
		Release|Any CPU = Release|Any CPU
	EndGlobalSection
	GlobalSection(ProjectConfigurationPlatforms) = postSolution
		{7BB3BA70-83DA-4A65-A314-1053454965DE}.Debug|Any CPU.ActiveCfg = Debug|Any CPU
		{7BB3BA70-83DA-4A65-A314-1053454965DE}.Debug|Any CPU.Build.0 = Debug|Any CPU
		{7BB3BA70-83DA-4A65-A314-1053454965DE}.Release|Any CPU.ActiveCfg = Release|Any CPU
		{7BB3BA70-83DA-4A65-A314-1053454965DE}.Release|Any CPU.Build.0 = Release|Any CPU
		{8BBA40AF-D337-4FA7-B51D-D20C7299DDF5}.Debug|Any CPU.ActiveCfg = Debug|Any CPU
		{8BBA40AF-D337-4FA7-B51D-D20C7299DDF5}.Debug|Any CPU.Build.0 = Debug|Any CPU
		{8BBA40AF-D337-4FA7-B51D-D20C7299DDF5}.Release|Any CPU.ActiveCfg = Release|Any CPU
		{8BBA40AF-D337-4FA7-B51D-D20C7299DDF5}.Release|Any CPU.Build.0 = Release|Any CPU
	EndGlobalSection
	GlobalSection(SolutionProperties) = preSolution
		HideSolutionNode = FALSE
	EndGlobalSection
	GlobalSection(ExtensibilityGlobals) = postSolution
		SolutionGuid = {4E768F72-0D10-44C1-9ABE-331A6164454C}
	EndGlobalSection
EndGlobal
